
Microsoft Visual Studio Solution File, Format Version 12.00
# Visual Studio Version 17
VisualStudioVersion = 17.4.33205.214
MinimumVisualStudioVersion = 10.0.40219.1
Project("{FAE04EC0-301F-11D3-BF4B-00C04F79EFBC}") = "EnumValues", "EnumValues\EnumValues.csproj", "{B1C01727-4371-4101-A095-B0D57B47B06A}"
EndProject
Project("{FAE04EC0-301F-11D3-BF4B-00C04F79EFBC}") = "TryIt", "TryIt\TryIt.csproj", "{996D0A94-AE20-4B84-94CB-5A691CA1DBE4}"
EndProject
Global
	GlobalSection(SolutionConfigurationPlatforms) = preSolution
		Debug|Any CPU = Debug|Any CPU
		Release|Any CPU = Release|Any CPU
	EndGlobalSection
	GlobalSection(ProjectConfigurationPlatforms) = postSolution
		{B1C01727-4371-4101-A095-B0D57B47B06A}.Debug|Any CPU.ActiveCfg = Debug|Any CPU
		{B1C01727-4371-4101-A095-B0D57B47B06A}.Debug|Any CPU.Build.0 = Debug|Any CPU
		{B1C01727-4371-4101-A095-B0D57B47B06A}.Release|Any CPU.ActiveCfg = Release|Any CPU
		{B1C01727-4371-4101-A095-B0D57B47B06A}.Release|Any CPU.Build.0 = Release|Any CPU
		{996D0A94-AE20-4B84-94CB-5A691CA1DBE4}.Debug|Any CPU.ActiveCfg = Debug|Any CPU
		{996D0A94-AE20-4B84-94CB-5A691CA1DBE4}.Debug|Any CPU.Build.0 = Debug|Any CPU
		{996D0A94-AE20-4B84-94CB-5A691CA1DBE4}.Release|Any CPU.ActiveCfg = Release|Any CPU
		{996D0A94-AE20-4B84-94CB-5A691CA1DBE4}.Release|Any CPU.Build.0 = Release|Any CPU
	EndGlobalSection
	GlobalSection(SolutionProperties) = preSolution
		HideSolutionNode = FALSE
	EndGlobalSection
	GlobalSection(ExtensibilityGlobals) = postSolution
		SolutionGuid = {FCF4BD55-41FB-4C90-90C3-F91211411CF9}
	EndGlobalSection
EndGlobal
